<?xml version="1.0" encoding="utf-8"?>
<Project ToolsVersion="4.0" xmlns="http://schemas.microsoft.com/developer/msbuild/2003">
  <ItemGroup>
    <Filter Include="소스 파일">
      <UniqueIdentifier>{4FC737F1-C7A5-4376-A066-2A32D752A2FF}</UniqueIdentifier>
      <Extensions>cpp;c;cc;cxx;c++;cppm;ixx;def;odl;idl;hpj;bat;asm;asmx</Extensions>
    </Filter>
    <Filter Include="헤더 파일">
      <UniqueIdentifier>{93995380-89BD-4b04-88EB-625FBE52EBFB}</UniqueIdentifier>
      <Extensions>h;hh;hpp;hxx;h++;hm;inl;inc;ipp;xsd</Extensions>
    </Filter>
    <Filter Include="리소스 파일">
      <UniqueIdentifier>{67DA6AB6-F800-4c08-8B7A-83BB121AAD01}</UniqueIdentifier>
      <Extensions>rc;ico;cur;bmp;dlg;rc2;rct;bin;rgs;gif;jpg;jpeg;jpe;resx;tiff;tif;png;wav;mfcribbon-ms</Extensions>
    </Filter>
    <Filter Include="RPC">
      <UniqueIdentifier>{7f02dcc9-a57a-4625-a85a-bd6c1fa4b3b4}</UniqueIdentifier>
    </Filter>
    <Filter Include="utility">
      <UniqueIdentifier>{2ef21f12-6a02-47a6-9c92-8389a7306941}</UniqueIdentifier>
    </Filter>
    <Filter Include="WinAPI">
      <UniqueIdentifier>{36299f3f-5934-419d-9fd5-eb4d690f0d83}</UniqueIdentifier>
    </Filter>
    <Filter Include="utility\CCpuUsage">
      <UniqueIdentifier>{8a78a97c-224a-4189-b006-6e9415c3d7a2}</UniqueIdentifier>
    </Filter>
    <Filter Include="utility\CLockFreeMemoryPool">
      <UniqueIdentifier>{30f0aac6-26a3-494f-ac54-8f98f482d7ae}</UniqueIdentifier>
    </Filter>
    <Filter Include="utility\CLockFreeQueue">
      <UniqueIdentifier>{41c83c26-f412-4e6a-90a6-40e79a642ee5}</UniqueIdentifier>
    </Filter>
    <Filter Include="utility\CLockFreeStack">
      <UniqueIdentifier>{b6e414b1-649e-4349-8117-2c61bdb44580}</UniqueIdentifier>
    </Filter>
    <Filter Include="utility\CSystemLog">
      <UniqueIdentifier>{faeeec30-009d-4c65-a24d-24bff1fda486}</UniqueIdentifier>
    </Filter>
    <Filter Include="utility\CTlsLockFreeQueue">
      <UniqueIdentifier>{daadff66-2c80-452f-9012-62ae8c243c9e}</UniqueIdentifier>
    </Filter>
    <Filter Include="utility\CTlsObjectPool">
      <UniqueIdentifier>{93c61a4f-76cd-4b68-81e0-57e2a7b136c6}</UniqueIdentifier>
    </Filter>
    <Filter Include="utility\DeadLockGuard">
      <UniqueIdentifier>{b7d1ff45-1f0d-4da4-b695-957e42797724}</UniqueIdentifier>
    </Filter>
    <Filter Include="utility\MT_CRingBuffer">
      <UniqueIdentifier>{484987e1-b966-4ed7-9c8d-313949aead8b}</UniqueIdentifier>
    </Filter>
    <Filter Include="utility\Parser">
      <UniqueIdentifier>{802e7c33-d6cb-48bf-883a-21c59216a492}</UniqueIdentifier>
    </Filter>
    <Filter Include="utility\Profiler_MultiThread">
      <UniqueIdentifier>{7b982cb8-a651-4395-b4eb-5a1ed5811c92}</UniqueIdentifier>
    </Filter>
    <Filter Include="utility\SerializeBuffer_exception">
      <UniqueIdentifier>{32bdfa77-b0d5-4487-b004-6fc3a5c190ac}</UniqueIdentifier>
    </Filter>
  </ItemGroup>
  <ItemGroup>
    <ClInclude Include="CLanClient.h">
      <Filter>헤더 파일</Filter>
    </ClInclude>
    <ClInclude Include="WinAPI\Atomic.h">
      <Filter>WinAPI</Filter>
    </ClInclude>
    <ClInclude Include="WinAPI\WinThread.h">
      <Filter>WinAPI</Filter>
    </ClInclude>
    <ClInclude Include="RPC\CommonProtocol.h">
      <Filter>RPC</Filter>
    </ClInclude>
    <ClInclude Include="RPC\Proxy.h">
      <Filter>RPC</Filter>
    </ClInclude>
    <ClInclude Include="RPC\ServerProtocol.h">
      <Filter>RPC</Filter>
    </ClInclude>
    <ClInclude Include="RPC\Stub.h">
      <Filter>RPC</Filter>
    </ClInclude>
    <ClInclude Include="utility\clsSession.h">
      <Filter>utility</Filter>
    </ClInclude>
    <ClInclude Include="utility\stHeader.h">
      <Filter>utility</Filter>
    </ClInclude>
    <ClInclude Include="utility\CCpuUsage\CCpuUsage.h">
      <Filter>utility\CCpuUsage</Filter>
    </ClInclude>
    <ClInclude Include="utility\CLockFreeMemoryPool\CLockFreeMemoryPool.h">
      <Filter>utility\CLockFreeMemoryPool</Filter>
    </ClInclude>
    <ClInclude Include="utility\CLockFreeQueue\CLockFreeQueue.h">
      <Filter>utility\CLockFreeQueue</Filter>
    </ClInclude>
    <ClInclude Include="utility\CLockFreeStack\CLockFreeStack.h">
      <Filter>utility\CLockFreeStack</Filter>
    </ClInclude>
    <ClInclude Include="utility\CSystemLog\CSystemLog.h">
      <Filter>utility\CSystemLog</Filter>
    </ClInclude>
    <ClInclude Include="utility\CTlsLockFreeQueue\CTlsLockFreeQueue.h">
      <Filter>utility\CTlsLockFreeQueue</Filter>
    </ClInclude>
    <ClInclude Include="utility\CTlsObjectPool\CObjectPool_UnSafeMT.h">
      <Filter>utility\CTlsObjectPool</Filter>
    </ClInclude>
    <ClInclude Include="utility\CTlsObjectPool\CTlsObjectPool.h">
      <Filter>utility\CTlsObjectPool</Filter>
    </ClInclude>
    <ClInclude Include="utility\DeadLockGuard\DeadLockGuard_lib.h">
      <Filter>utility\DeadLockGuard</Filter>
    </ClInclude>
    <ClInclude Include="utility\MT_CRingBuffer\MT_CRingBuffer.h">
      <Filter>utility\MT_CRingBuffer</Filter>
    </ClInclude>
    <ClInclude Include="utility\Parser\Parser.h">
      <Filter>utility\Parser</Filter>
    </ClInclude>
    <ClInclude Include="utility\Profiler_MultiThread\Profiler_MultiThread.h">
      <Filter>utility\Profiler_MultiThread</Filter>
    </ClInclude>
    <ClInclude Include="utility\SerializeBuffer_exception\Myerror_log.h">
      <Filter>utility\SerializeBuffer_exception</Filter>
    </ClInclude>
    <ClInclude Include="utility\SerializeBuffer_exception\SerializeBuffer_exception.h">
      <Filter>utility\SerializeBuffer_exception</Filter>
    </ClInclude>
  </ItemGroup>
  <ItemGroup>
    <ClCompile Include="CLanClient.cpp">
      <Filter>소스 파일</Filter>
    </ClCompile>
    <ClCompile Include="WinAPI\Atomic.cpp">
      <Filter>WinAPI</Filter>
    </ClCompile>
    <ClCompile Include="WinAPI\WinThread.cpp">
      <Filter>WinAPI</Filter>
    </ClCompile>
    <ClCompile Include="RPC\Proxy.cpp">
      <Filter>RPC</Filter>
    </ClCompile>
    <ClCompile Include="RPC\Stub.cpp">
      <Filter>RPC</Filter>
    </ClCompile>
    <ClCompile Include="utility\clsSession.cpp">
      <Filter>utility</Filter>
    </ClCompile>
    <ClCompile Include="utility\CCpuUsage\CCpuUsage.cpp">
      <Filter>utility\CCpuUsage</Filter>
    </ClCompile>
    <ClCompile Include="utility\CLockFreeMemoryPool\CLockFreeMemoryPool.cpp">
      <Filter>utility\CLockFreeMemoryPool</Filter>
    </ClCompile>
    <ClCompile Include="utility\CLockFreeQueue\CLockFreeQueue.cpp">
      <Filter>utility\CLockFreeQueue</Filter>
    </ClCompile>
    <ClCompile Include="utility\CLockFreeStack\CLockFreeStack.cpp">
      <Filter>utility\CLockFreeStack</Filter>
    </ClCompile>
    <ClCompile Include="utility\CSystemLog\CSystemLog.cpp">
      <Filter>utility\CSystemLog</Filter>
    </ClCompile>
    <ClCompile Include="utility\CTlsLockFreeQueue\CTlsLockFreeQueue.cpp">
      <Filter>utility\CTlsLockFreeQueue</Filter>
    </ClCompile>
    <ClCompile Include="utility\CTlsObjectPool\CObjectPool_UnSafeMT.cpp">
      <Filter>utility\CTlsObjectPool</Filter>
    </ClCompile>
    <ClCompile Include="utility\CTlsObjectPool\CTlsObjectPool.cpp">
      <Filter>utility\CTlsObjectPool</Filter>
    </ClCompile>
    <ClCompile Include="utility\DeadLockGuard\DeadLockGuard_lib.cpp">
      <Filter>utility\DeadLockGuard</Filter>
    </ClCompile>
    <ClCompile Include="utility\MT_CRingBuffer\MT_CRingBuffer.cpp">
      <Filter>utility\MT_CRingBuffer</Filter>
    </ClCompile>
    <ClCompile Include="utility\Parser\Parser.cpp">
      <Filter>utility\Parser</Filter>
    </ClCompile>
    <ClCompile Include="utility\Profiler_MultiThread\Profiler_MultiThread.cpp">
      <Filter>utility\Profiler_MultiThread</Filter>
    </ClCompile>
    <ClCompile Include="utility\SerializeBuffer_exception\SerializeBuffer_exception.cpp">
      <Filter>utility\SerializeBuffer_exception</Filter>
    </ClCompile>
  </ItemGroup>
  <ItemGroup>
    <Text Include="RPC\Config.txt">
      <Filter>RPC</Filter>
    </Text>
    <Text Include="RPC\IDL.txt">
      <Filter>RPC</Filter>
    </Text>
  </ItemGroup>
</Project>